
Microsoft Visual Studio Solution File, Format Version 12.00
# Visual Studio Version 16
VisualStudioVersion = 16.0.30204.135
MinimumVisualStudioVersion = 10.0.40219.1
Project("{FAE04EC0-301F-11D3-BF4B-00C04F79EFBC}") = "HelloWorld", "HelloWorld\HelloWorld.csproj", "{9F65CCB5-8C0D-4E03-AEEE-A54713C4D074}"
EndProject
Global
	GlobalSection(SolutionConfigurationPlatforms) = preSolution
		Debug|Any CPU = Debug|Any CPU
		Release|Any CPU = Release|Any CPU
	EndGlobalSection
	GlobalSection(ProjectConfigurationPlatforms) = postSolution
		{9F65CCB5-8C0D-4E03-AEEE-A54713C4D074}.Debug|Any CPU.ActiveCfg = Debug|Any CPU
		{9F65CCB5-8C0D-4E03-AEEE-A54713C4D074}.Debug|Any CPU.Build.0 = Debug|Any CPU
		{9F65CCB5-8C0D-4E03-AEEE-A54713C4D074}.Release|Any CPU.ActiveCfg = Release|Any CPU
		{9F65CCB5-8C0D-4E03-AEEE-A54713C4D074}.Release|Any CPU.Build.0 = Release|Any CPU
	EndGlobalSection
	GlobalSection(SolutionProperties) = preSolution
		HideSolutionNode = FALSE
	EndGlobalSection
	GlobalSection(ExtensibilityGlobals) = postSolution
		SolutionGuid = {0EC5A7BA-E046-49BE-873D-644FD4FBC5D4}
	EndGlobalSection
EndGlobal
